
Microsoft Visual Studio Solution File, Format Version 12.00
# Visual Studio Version 17
VisualStudioVersion = 17.5.33627.172
MinimumVisualStudioVersion = 10.0.40219.1
Project("{2150E333-8FDC-42A3-9474-1A3956D46DE8}") = "Service", "Service", "{ADCC50EB-C915-4A04-B9C5-0A677D71633E}"
EndProject
Project("{2150E333-8FDC-42A3-9474-1A3956D46DE8}") = "Catalog", "Catalog", "{E32D037B-4FD9-424F-B79A-97F9D221F76C}"
EndProject
Project("{9A19103F-16F7-4668-BE54-9A1E7A4F7556}") = "Catalog.API", "Services\Catalog\Catalog.API\Catalog.API.csproj", "{36C3424F-9DF5-41B9-B8B4-6885750FDB1E}"
EndProject
Project("{2150E333-8FDC-42A3-9474-1A3956D46DE8}") = "BuildingBlocks", "BuildingBlocks", "{2A160CFE-AA0F-4CDB-99EB-BC1A3DCDDBAA}"
EndProject
Project("{9A19103F-16F7-4668-BE54-9A1E7A4F7556}") = "BuildingBlocks", "BuildingBlocks\BuildingBlocks\BuildingBlocks.csproj", "{5AE931AE-5FFA-48B8-B04E-3D3C30DF192C}"
EndProject
Project("{E53339B2-1760-4266-BCC7-CA923CBCF16C}") = "docker-compose", "docker-compose.dcproj", "{0A5099AD-A01D-4896-876C-A266065289EF}"
EndProject
Project("{2150E333-8FDC-42A3-9474-1A3956D46DE8}") = "Cart", "Cart", "{453C391A-C673-4886-828D-3E818BA140F6}"
EndProject
Project("{9A19103F-16F7-4668-BE54-9A1E7A4F7556}") = "Cart.API", "Services\Cart\Cart.API\Cart.API.csproj", "{0A76399C-18CF-4EDB-926E-74DCE6517EA8}"
EndProject
Project("{2150E333-8FDC-42A3-9474-1A3956D46DE8}") = "Discount", "Discount", "{F96C3AF3-6D14-4F8E-A14D-43ECF20C1990}"
EndProject
Project("{9A19103F-16F7-4668-BE54-9A1E7A4F7556}") = "Discount.gRPC", "Services\Discount\Discount.gRPC\Discount.gRPC.csproj", "{8F8CD88C-C9F1-421A-AFF2-34880995CDC7}"
EndProject
Project("{2150E333-8FDC-42A3-9474-1A3956D46DE8}") = "Ordering", "Ordering", "{954CF8D5-F8C5-4710-B9FB-E975565E21DF}"
EndProject
Project("{9A19103F-16F7-4668-BE54-9A1E7A4F7556}") = "Ordering.API", "Services\Ordering\Ordering.API\Ordering.API.csproj", "{6D832788-D9F2-47FB-AECC-1FE6EBBFEE80}"
EndProject
Project("{9A19103F-16F7-4668-BE54-9A1E7A4F7556}") = "Ordering.Domain", "Services\Ordering\Ordering.Domain\Ordering.Domain.csproj", "{27C40AE4-862E-467A-BAF0-E18C13449B7D}"
EndProject
Project("{2150E333-8FDC-42A3-9474-1A3956D46DE8}") = "ApiGateways", "ApiGateways", "{FD738987-3CAD-429E-96FB-B7D5EBEAD60C}"
EndProject
Project("{9A19103F-16F7-4668-BE54-9A1E7A4F7556}") = "YarpApiGateway", "ApiGateways\YarpApiGateway\YarpApiGateway.csproj", "{B4D700FF-8832-4DE0-9C0F-FFDFC8C0E75A}"
EndProject
Project("{2150E333-8FDC-42A3-9474-1A3956D46DE8}") = "Authenticate", "Authenticate", "{A633C2EE-4F08-4DBC-B08F-EB01EC82BB82}"
EndProject
Project("{9A19103F-16F7-4668-BE54-9A1E7A4F7556}") = "Authenticate.API", "Services\Authenticate\Authenticate_Service\Authenticate.API.csproj", "{8C19F3D4-65DA-4EB8-92F7-B2AAC6B8079E}"
EndProject
Project("{9A19103F-16F7-4668-BE54-9A1E7A4F7556}") = "Catalog.gRPC", "Services\Catalog\Catalog.gRPC\Catalog.gRPC.csproj", "{5CCAA43F-3545-459F-AC30-980DEA594D04}"
EndProject
Project("{9A19103F-16F7-4668-BE54-9A1E7A4F7556}") = "Authenticate.gRPC", "Services\Authenticate\Authenticate.gRPC\Authenticate.gRPC.csproj", "{00749250-09F9-4180-B7A5-BB377644DFCF}"
EndProject
Project("{9A19103F-16F7-4668-BE54-9A1E7A4F7556}") = "Ordering.Application", "Services\Ordering\Ordering.Application1\Ordering.Application.csproj", "{ED5C62E5-189A-420B-8D73-3E46A7F603D7}"
EndProject
Project("{9A19103F-16F7-4668-BE54-9A1E7A4F7556}") = "Ordering.Infrastructure", "Services\Ordering\Ordering.Infrastructure1\Ordering.Infrastructure.csproj", "{24BE8501-F5EA-44B6-833E-545285D6B0C3}"
EndProject
Project("{9A19103F-16F7-4668-BE54-9A1E7A4F7556}") = "BuildingBlocks.Messaging", "BuildingBlocks\BuildingBlocks.Messaging1\BuildingBlocks.Messaging.csproj", "{8B136574-F29B-4A59-9CB0-7DD907AAF077}"
EndProject
Project("{2150E333-8FDC-42A3-9474-1A3956D46DE8}") = "Notification", "Notification", "{4367CFB7-BCE3-4076-A560-AEA21BE9FF00}"
EndProject
Project("{9A19103F-16F7-4668-BE54-9A1E7A4F7556}") = "Notification.API", "Services\Notification\Notification.API\Notification.API.csproj", "{F5347C76-B17E-4CB2-A102-5A665CC59CF4}"
EndProject
Global
	GlobalSection(SolutionConfigurationPlatforms) = preSolution
		Debug|Any CPU = Debug|Any CPU
		Release|Any CPU = Release|Any CPU
	EndGlobalSection
	GlobalSection(ProjectConfigurationPlatforms) = postSolution
		{36C3424F-9DF5-41B9-B8B4-6885750FDB1E}.Debug|Any CPU.ActiveCfg = Debug|Any CPU
		{36C3424F-9DF5-41B9-B8B4-6885750FDB1E}.Debug|Any CPU.Build.0 = Debug|Any CPU
		{36C3424F-9DF5-41B9-B8B4-6885750FDB1E}.Release|Any CPU.ActiveCfg = Release|Any CPU
		{36C3424F-9DF5-41B9-B8B4-6885750FDB1E}.Release|Any CPU.Build.0 = Release|Any CPU
		{5AE931AE-5FFA-48B8-B04E-3D3C30DF192C}.Debug|Any CPU.ActiveCfg = Debug|Any CPU
		{5AE931AE-5FFA-48B8-B04E-3D3C30DF192C}.Debug|Any CPU.Build.0 = Debug|Any CPU
		{5AE931AE-5FFA-48B8-B04E-3D3C30DF192C}.Release|Any CPU.ActiveCfg = Release|Any CPU
		{5AE931AE-5FFA-48B8-B04E-3D3C30DF192C}.Release|Any CPU.Build.0 = Release|Any CPU
		{0A5099AD-A01D-4896-876C-A266065289EF}.Debug|Any CPU.ActiveCfg = Debug|Any CPU
		{0A5099AD-A01D-4896-876C-A266065289EF}.Debug|Any CPU.Build.0 = Debug|Any CPU
		{0A5099AD-A01D-4896-876C-A266065289EF}.Release|Any CPU.ActiveCfg = Release|Any CPU
		{0A5099AD-A01D-4896-876C-A266065289EF}.Release|Any CPU.Build.0 = Release|Any CPU
		{0A76399C-18CF-4EDB-926E-74DCE6517EA8}.Debug|Any CPU.ActiveCfg = Debug|Any CPU
		{0A76399C-18CF-4EDB-926E-74DCE6517EA8}.Debug|Any CPU.Build.0 = Debug|Any CPU
		{0A76399C-18CF-4EDB-926E-74DCE6517EA8}.Release|Any CPU.ActiveCfg = Release|Any CPU
		{0A76399C-18CF-4EDB-926E-74DCE6517EA8}.Release|Any CPU.Build.0 = Release|Any CPU
		{8F8CD88C-C9F1-421A-AFF2-34880995CDC7}.Debug|Any CPU.ActiveCfg = Debug|Any CPU
		{8F8CD88C-C9F1-421A-AFF2-34880995CDC7}.Debug|Any CPU.Build.0 = Debug|Any CPU
		{8F8CD88C-C9F1-421A-AFF2-34880995CDC7}.Release|Any CPU.ActiveCfg = Release|Any CPU
		{8F8CD88C-C9F1-421A-AFF2-34880995CDC7}.Release|Any CPU.Build.0 = Release|Any CPU
		{6D832788-D9F2-47FB-AECC-1FE6EBBFEE80}.Debug|Any CPU.ActiveCfg = Debug|Any CPU
		{6D832788-D9F2-47FB-AECC-1FE6EBBFEE80}.Debug|Any CPU.Build.0 = Debug|Any CPU
		{6D832788-D9F2-47FB-AECC-1FE6EBBFEE80}.Release|Any CPU.ActiveCfg = Release|Any CPU
		{6D832788-D9F2-47FB-AECC-1FE6EBBFEE80}.Release|Any CPU.Build.0 = Release|Any CPU
		{27C40AE4-862E-467A-BAF0-E18C13449B7D}.Debug|Any CPU.ActiveCfg = Debug|Any CPU
		{27C40AE4-862E-467A-BAF0-E18C13449B7D}.Debug|Any CPU.Build.0 = Debug|Any CPU
		{27C40AE4-862E-467A-BAF0-E18C13449B7D}.Release|Any CPU.ActiveCfg = Release|Any CPU
		{27C40AE4-862E-467A-BAF0-E18C13449B7D}.Release|Any CPU.Build.0 = Release|Any CPU
		{B4D700FF-8832-4DE0-9C0F-FFDFC8C0E75A}.Debug|Any CPU.ActiveCfg = Debug|Any CPU
		{B4D700FF-8832-4DE0-9C0F-FFDFC8C0E75A}.Debug|Any CPU.Build.0 = Debug|Any CPU
		{B4D700FF-8832-4DE0-9C0F-FFDFC8C0E75A}.Release|Any CPU.ActiveCfg = Release|Any CPU
		{B4D700FF-8832-4DE0-9C0F-FFDFC8C0E75A}.Release|Any CPU.Build.0 = Release|Any CPU
		{8C19F3D4-65DA-4EB8-92F7-B2AAC6B8079E}.Debug|Any CPU.ActiveCfg = Debug|Any CPU
		{8C19F3D4-65DA-4EB8-92F7-B2AAC6B8079E}.Debug|Any CPU.Build.0 = Debug|Any CPU
		{8C19F3D4-65DA-4EB8-92F7-B2AAC6B8079E}.Release|Any CPU.ActiveCfg = Release|Any CPU
		{8C19F3D4-65DA-4EB8-92F7-B2AAC6B8079E}.Release|Any CPU.Build.0 = Release|Any CPU
		{5CCAA43F-3545-459F-AC30-980DEA594D04}.Debug|Any CPU.ActiveCfg = Debug|Any CPU
		{5CCAA43F-3545-459F-AC30-980DEA594D04}.Debug|Any CPU.Build.0 = Debug|Any CPU
		{5CCAA43F-3545-459F-AC30-980DEA594D04}.Release|Any CPU.ActiveCfg = Release|Any CPU
		{5CCAA43F-3545-459F-AC30-980DEA594D04}.Release|Any CPU.Build.0 = Release|Any CPU
		{00749250-09F9-4180-B7A5-BB377644DFCF}.Debug|Any CPU.ActiveCfg = Debug|Any CPU
		{00749250-09F9-4180-B7A5-BB377644DFCF}.Debug|Any CPU.Build.0 = Debug|Any CPU
		{00749250-09F9-4180-B7A5-BB377644DFCF}.Release|Any CPU.ActiveCfg = Release|Any CPU
		{00749250-09F9-4180-B7A5-BB377644DFCF}.Release|Any CPU.Build.0 = Release|Any CPU
		{ED5C62E5-189A-420B-8D73-3E46A7F603D7}.Debug|Any CPU.ActiveCfg = Debug|Any CPU
		{ED5C62E5-189A-420B-8D73-3E46A7F603D7}.Debug|Any CPU.Build.0 = Debug|Any CPU
		{ED5C62E5-189A-420B-8D73-3E46A7F603D7}.Release|Any CPU.ActiveCfg = Release|Any CPU
		{ED5C62E5-189A-420B-8D73-3E46A7F603D7}.Release|Any CPU.Build.0 = Release|Any CPU
		{24BE8501-F5EA-44B6-833E-545285D6B0C3}.Debug|Any CPU.ActiveCfg = Debug|Any CPU
		{24BE8501-F5EA-44B6-833E-545285D6B0C3}.Debug|Any CPU.Build.0 = Debug|Any CPU
		{24BE8501-F5EA-44B6-833E-545285D6B0C3}.Release|Any CPU.ActiveCfg = Release|Any CPU
		{24BE8501-F5EA-44B6-833E-545285D6B0C3}.Release|Any CPU.Build.0 = Release|Any CPU
		{8B136574-F29B-4A59-9CB0-7DD907AAF077}.Debug|Any CPU.ActiveCfg = Debug|Any CPU
		{8B136574-F29B-4A59-9CB0-7DD907AAF077}.Debug|Any CPU.Build.0 = Debug|Any CPU
		{8B136574-F29B-4A59-9CB0-7DD907AAF077}.Release|Any CPU.ActiveCfg = Release|Any CPU
		{8B136574-F29B-4A59-9CB0-7DD907AAF077}.Release|Any CPU.Build.0 = Release|Any CPU
		{F5347C76-B17E-4CB2-A102-5A665CC59CF4}.Debug|Any CPU.ActiveCfg = Debug|Any CPU
		{F5347C76-B17E-4CB2-A102-5A665CC59CF4}.Debug|Any CPU.Build.0 = Debug|Any CPU
		{F5347C76-B17E-4CB2-A102-5A665CC59CF4}.Release|Any CPU.ActiveCfg = Release|Any CPU
		{F5347C76-B17E-4CB2-A102-5A665CC59CF4}.Release|Any CPU.Build.0 = Release|Any CPU
	EndGlobalSection
	GlobalSection(SolutionProperties) = preSolution
		HideSolutionNode = FALSE
	EndGlobalSection
	GlobalSection(NestedProjects) = preSolution
		{E32D037B-4FD9-424F-B79A-97F9D221F76C} = {ADCC50EB-C915-4A04-B9C5-0A677D71633E}
		{36C3424F-9DF5-41B9-B8B4-6885750FDB1E} = {E32D037B-4FD9-424F-B79A-97F9D221F76C}
		{5AE931AE-5FFA-48B8-B04E-3D3C30DF192C} = {2A160CFE-AA0F-4CDB-99EB-BC1A3DCDDBAA}
		{453C391A-C673-4886-828D-3E818BA140F6} = {ADCC50EB-C915-4A04-B9C5-0A677D71633E}
		{0A76399C-18CF-4EDB-926E-74DCE6517EA8} = {453C391A-C673-4886-828D-3E818BA140F6}
		{F96C3AF3-6D14-4F8E-A14D-43ECF20C1990} = {ADCC50EB-C915-4A04-B9C5-0A677D71633E}
		{8F8CD88C-C9F1-421A-AFF2-34880995CDC7} = {F96C3AF3-6D14-4F8E-A14D-43ECF20C1990}
		{954CF8D5-F8C5-4710-B9FB-E975565E21DF} = {ADCC50EB-C915-4A04-B9C5-0A677D71633E}
		{6D832788-D9F2-47FB-AECC-1FE6EBBFEE80} = {954CF8D5-F8C5-4710-B9FB-E975565E21DF}
		{27C40AE4-862E-467A-BAF0-E18C13449B7D} = {954CF8D5-F8C5-4710-B9FB-E975565E21DF}
		{B4D700FF-8832-4DE0-9C0F-FFDFC8C0E75A} = {FD738987-3CAD-429E-96FB-B7D5EBEAD60C}
		{A633C2EE-4F08-4DBC-B08F-EB01EC82BB82} = {ADCC50EB-C915-4A04-B9C5-0A677D71633E}
		{8C19F3D4-65DA-4EB8-92F7-B2AAC6B8079E} = {A633C2EE-4F08-4DBC-B08F-EB01EC82BB82}
		{5CCAA43F-3545-459F-AC30-980DEA594D04} = {E32D037B-4FD9-424F-B79A-97F9D221F76C}
		{00749250-09F9-4180-B7A5-BB377644DFCF} = {A633C2EE-4F08-4DBC-B08F-EB01EC82BB82}
		{ED5C62E5-189A-420B-8D73-3E46A7F603D7} = {954CF8D5-F8C5-4710-B9FB-E975565E21DF}
		{24BE8501-F5EA-44B6-833E-545285D6B0C3} = {954CF8D5-F8C5-4710-B9FB-E975565E21DF}
		{8B136574-F29B-4A59-9CB0-7DD907AAF077} = {2A160CFE-AA0F-4CDB-99EB-BC1A3DCDDBAA}
		{4367CFB7-BCE3-4076-A560-AEA21BE9FF00} = {ADCC50EB-C915-4A04-B9C5-0A677D71633E}
		{F5347C76-B17E-4CB2-A102-5A665CC59CF4} = {4367CFB7-BCE3-4076-A560-AEA21BE9FF00}
	EndGlobalSection
	GlobalSection(ExtensibilityGlobals) = postSolution
		SolutionGuid = {5AEB3883-2BB2-46BB-AFCE-6AF446993B48}
	EndGlobalSection
EndGlobal
